// !$*UTF8*$!
{
	archiveVersion = 1;
	classes = {
	};
	objectVersion = 46;
	objects = {

/* Begin PBXBuildFile section */
		B909FFA11E73C3DD00F67D5A /* Detail2ViewController.m in Sources */ = {isa = PBXBuildFile; fileRef = B909FFA01E73C3DD00F67D5A /* Detail2ViewController.m */; };
		B93C4FB31E705DB0005FE565 /* main.m in Sources */ = {isa = PBXBuildFile; fileRef = B93C4FB21E705DB0005FE565 /* main.m */; };
		B93C4FB61E705DB0005FE565 /* AppDelegate.m in Sources */ = {isa = PBXBuildFile; fileRef = B93C4FB51E705DB0005FE565 /* AppDelegate.m */; };
		B93C4FB91E705DB0005FE565 /* SuggestViewController.m in Sources */ = {isa = PBXBuildFile; fileRef = B93C4FB81E705DB0005FE565 /* SuggestViewController.m */; };
		B93C4FBC1E705DB0005FE565 /* Main.storyboard in Resources */ = {isa = PBXBuildFile; fileRef = B93C4FBA1E705DB0005FE565 /* Main.storyboard */; };
		B93C4FBE1E705DB0005FE565 /* Assets.xcassets in Resources */ = {isa = PBXBuildFile; fileRef = B93C4FBD1E705DB0005FE565 /* Assets.xcassets */; };
		B93C4FC11E705DB0005FE565 /* LaunchScreen.storyboard in Resources */ = {isa = PBXBuildFile; fileRef = B93C4FBF1E705DB0005FE565 /* LaunchScreen.storyboard */; };
		B93C4FCD1E705DDF005FE565 /* HSRecipe.m in Sources */ = {isa = PBXBuildFile; fileRef = B93C4FC91E705DDF005FE565 /* HSRecipe.m */; };
		B93C4FCF1E705DDF005FE565 /* HSRecipeList.plist in Resources */ = {isa = PBXBuildFile; fileRef = B93C4FCC1E705DDF005FE565 /* HSRecipeList.plist */; };
		B963E28A1E70711000B00B5E /* HSRecipeDataCenter.m in Sources */ = {isa = PBXBuildFile; fileRef = B963E2891E70711000B00B5E /* HSRecipeDataCenter.m */; };
		B963E28C1E7071A900B00B5E /* recipe1.jpg in Resources */ = {isa = PBXBuildFile; fileRef = B963E28B1E7071A900B00B5E /* recipe1.jpg */; };
		B98486781E70BCF600813154 /* DetailViewController.m in Sources */ = {isa = PBXBuildFile; fileRef = B98486771E70BCF600813154 /* DetailViewController.m */; };
		B9C8C9E61E70918D00DB143D /* RandomViewController.m in Sources */ = {isa = PBXBuildFile; fileRef = B9C8C9E41E70918D00DB143D /* RandomViewController.m */; };
		B9F97A9B1E708D7B0020F341 /* recipe2.jpg in Resources */ = {isa = PBXBuildFile; fileRef = B9F97A9A1E708D7B0020F341 /* recipe2.jpg */; };
/* End PBXBuildFile section */

/* Begin PBXFileReference section */
		B909FF9F1E73C3DD00F67D5A /* Detail2ViewController.h */ = {isa = PBXFileReference; fileEncoding = 4; lastKnownFileType = sourcecode.c.h; path = Detail2ViewController.h; sourceTree = "<group>"; };
		B909FFA01E73C3DD00F67D5A /* Detail2ViewController.m */ = {isa = PBXFileReference; fileEncoding = 4; lastKnownFileType = sourcecode.c.objc; path = Detail2ViewController.m; sourceTree = "<group>"; };
		B93C4FAE1E705DB0005FE565 /* honsulzip.app */ = {isa = PBXFileReference; explicitFileType = wrapper.application; includeInIndex = 0; path = honsulzip.app; sourceTree = BUILT_PRODUCTS_DIR; };
		B93C4FB21E705DB0005FE565 /* main.m */ = {isa = PBXFileReference; lastKnownFileType = sourcecode.c.objc; path = main.m; sourceTree = "<group>"; };
		B93C4FB41E705DB0005FE565 /* AppDelegate.h */ = {isa = PBXFileReference; lastKnownFileType = sourcecode.c.h; path = AppDelegate.h; sourceTree = "<group>"; };
		B93C4FB51E705DB0005FE565 /* AppDelegate.m */ = {isa = PBXFileReference; lastKnownFileType = sourcecode.c.objc; path = AppDelegate.m; sourceTree = "<group>"; };
		B93C4FB71E705DB0005FE565 /* SuggestViewController.h */ = {isa = PBXFileReference; lastKnownFileType = sourcecode.c.h; path = SuggestViewController.h; sourceTree = "<group>"; };
		B93C4FB81E705DB0005FE565 /* SuggestViewController.m */ = {isa = PBXFileReference; lastKnownFileType = sourcecode.c.objc; path = SuggestViewController.m; sourceTree = "<group>"; };
		B93C4FBB1E705DB0005FE565 /* Base */ = {isa = PBXFileReference; lastKnownFileType = file.storyboard; name = Base; path = Base.lproj/Main.storyboard; sourceTree = "<group>"; };
		B93C4FBD1E705DB0005FE565 /* Assets.xcassets */ = {isa = PBXFileReference; lastKnownFileType = folder.assetcatalog; path = Assets.xcassets; sourceTree = "<group>"; };
		B93C4FC01E705DB0005FE565 /* Base */ = {isa = PBXFileReference; lastKnownFileType = file.storyboard; name = Base; path = Base.lproj/LaunchScreen.storyboard; sourceTree = "<group>"; };
		B93C4FC21E705DB0005FE565 /* Info.plist */ = {isa = PBXFileReference; lastKnownFileType = text.plist.xml; path = Info.plist; sourceTree = "<group>"; };
		B93C4FC81E705DDF005FE565 /* HSRecipe.h */ = {isa = PBXFileReference; fileEncoding = 4; lastKnownFileType = sourcecode.c.h; path = HSRecipe.h; sourceTree = "<group>"; };
		B93C4FC91E705DDF005FE565 /* HSRecipe.m */ = {isa = PBXFileReference; fileEncoding = 4; lastKnownFileType = sourcecode.c.objc; path = HSRecipe.m; sourceTree = "<group>"; };
		B93C4FCC1E705DDF005FE565 /* HSRecipeList.plist */ = {isa = PBXFileReference; fileEncoding = 4; lastKnownFileType = text.plist.xml; path = HSRecipeList.plist; sourceTree = "<group>"; };
		B963E2881E70711000B00B5E /* HSRecipeDataCenter.h */ = {isa = PBXFileReference; fileEncoding = 4; lastKnownFileType = sourcecode.c.h; path = HSRecipeDataCenter.h; sourceTree = "<group>"; };
		B963E2891E70711000B00B5E /* HSRecipeDataCenter.m */ = {isa = PBXFileReference; fileEncoding = 4; lastKnownFileType = sourcecode.c.objc; path = HSRecipeDataCenter.m; sourceTree = "<group>"; };
		B963E28B1E7071A900B00B5E /* recipe1.jpg */ = {isa = PBXFileReference; lastKnownFileType = image.jpeg; path = recipe1.jpg; sourceTree = "<group>"; };
		B98486761E70BCF600813154 /* DetailViewController.h */ = {isa = PBXFileReference; fileEncoding = 4; lastKnownFileType = sourcecode.c.h; path = DetailViewController.h; sourceTree = "<group>"; };
		B98486771E70BCF600813154 /* DetailViewController.m */ = {isa = PBXFileReference; fileEncoding = 4; lastKnownFileType = sourcecode.c.objc; path = DetailViewController.m; sourceTree = "<group>"; };
		B9C8C9E41E70918D00DB143D /* RandomViewController.m */ = {isa = PBXFileReference; fileEncoding = 4; lastKnownFileType = sourcecode.c.objc; path = RandomViewController.m; sourceTree = "<group>"; };
		B9C8C9E51E70918D00DB143D /* RandomViewController.h */ = {isa = PBXFileReference; fileEncoding = 4; lastKnownFileType = sourcecode.c.h; path = RandomViewController.h; sourceTree = "<group>"; };
		B9F97A9A1E708D7B0020F341 /* recipe2.jpg */ = {isa = PBXFileReference; lastKnownFileType = image.jpeg; path = recipe2.jpg; sourceTree = "<group>"; };
/* End PBXFileReference section */

/* Begin PBXFrameworksBuildPhase section */
		B93C4FAB1E705DB0005FE565 /* Frameworks */ = {
			isa = PBXFrameworksBuildPhase;
			buildActionMask = 2147483647;
			files = (
			);
			runOnlyForDeploymentPostprocessing = 0;
		};
/* End PBXFrameworksBuildPhase section */

/* Begin PBXGroup section */
		B93C4FA51E705DB0005FE565 = {
			isa = PBXGroup;
			children = (
				B93C4FB01E705DB0005FE565 /* honsulzip */,
				B93C4FAF1E705DB0005FE565 /* Products */,
			);
			sourceTree = "<group>";
		};
		B93C4FAF1E705DB0005FE565 /* Products */ = {
			isa = PBXGroup;
			children = (
				B93C4FAE1E705DB0005FE565 /* honsulzip.app */,
			);
			name = Products;
			sourceTree = "<group>";
		};
		B93C4FB01E705DB0005FE565 /* honsulzip */ = {
			isa = PBXGroup;
			children = (
				B93C4FB41E705DB0005FE565 /* AppDelegate.h */,
				B93C4FB51E705DB0005FE565 /* AppDelegate.m */,
				B93C4FB71E705DB0005FE565 /* SuggestViewController.h */,
				B93C4FB81E705DB0005FE565 /* SuggestViewController.m */,
				B93C4FC81E705DDF005FE565 /* HSRecipe.h */,
				B93C4FC91E705DDF005FE565 /* HSRecipe.m */,
				B9C8C9E51E70918D00DB143D /* RandomViewController.h */,
				B9C8C9E41E70918D00DB143D /* RandomViewController.m */,
				B909FF9F1E73C3DD00F67D5A /* Detail2ViewController.h */,
				B909FFA01E73C3DD00F67D5A /* Detail2ViewController.m */,
				B963E2881E70711000B00B5E /* HSRecipeDataCenter.h */,
				B963E2891E70711000B00B5E /* HSRecipeDataCenter.m */,
				B98486761E70BCF600813154 /* DetailViewController.h */,
				B98486771E70BCF600813154 /* DetailViewController.m */,
				B93C4FCC1E705DDF005FE565 /* HSRecipeList.plist */,
				B963E28B1E7071A900B00B5E /* recipe1.jpg */,
				B9F97A9A1E708D7B0020F341 /* recipe2.jpg */,
				B93C4FBA1E705DB0005FE565 /* Main.storyboard */,
				B93C4FBD1E705DB0005FE565 /* Assets.xcassets */,
				B93C4FBF1E705DB0005FE565 /* LaunchScreen.storyboard */,
				B93C4FC21E705DB0005FE565 /* Info.plist */,
				B93C4FB11E705DB0005FE565 /* Supporting Files */,
			);
			path = honsulzip;
			sourceTree = "<group>";
		};
		B93C4FB11E705DB0005FE565 /* Supporting Files */ = {
			isa = PBXGroup;
			children = (
				B93C4FB21E705DB0005FE565 /* main.m */,
			);
			name = "Supporting Files";
			sourceTree = "<group>";
		};
/* End PBXGroup section */

/* Begin PBXNativeTarget section */
		B93C4FAD1E705DB0005FE565 /* honsulzip */ = {
			isa = PBXNativeTarget;
			buildConfigurationList = B93C4FC51E705DB0005FE565 /* Build configuration list for PBXNativeTarget "honsulzip" */;
			buildPhases = (
				B93C4FAA1E705DB0005FE565 /* Sources */,
				B93C4FAB1E705DB0005FE565 /* Frameworks */,
				B93C4FAC1E705DB0005FE565 /* Resources */,
			);
			buildRules = (
			);
			dependencies = (
			);
			name = honsulzip;
			productName = honsulzip;
			productReference = B93C4FAE1E705DB0005FE565 /* honsulzip.app */;
			productType = "com.apple.product-type.application";
		};
/* End PBXNativeTarget section */

/* Begin PBXProject section */
		B93C4FA61E705DB0005FE565 /* Project object */ = {
			isa = PBXProject;
			attributes = {
				LastUpgradeCheck = 0820;
				ORGANIZATIONNAME = "Jongchan Park";
				TargetAttributes = {
					B93C4FAD1E705DB0005FE565 = {
						CreatedOnToolsVersion = 8.2.1;
						DevelopmentTeam = 8KDMCH8V2F;
						ProvisioningStyle = Automatic;
					};
				};
			};
			buildConfigurationList = B93C4FA91E705DB0005FE565 /* Build configuration list for PBXProject "honsulzip" */;
			compatibilityVersion = "Xcode 3.2";
			developmentRegion = English;
			hasScannedForEncodings = 0;
			knownRegions = (
				en,
				Base,
			);
			mainGroup = B93C4FA51E705DB0005FE565;
			productRefGroup = B93C4FAF1E705DB0005FE565 /* Products */;
			projectDirPath = "";
			projectRoot = "";
			targets = (
				B93C4FAD1E705DB0005FE565 /* honsulzip */,
			);
		};
/* End PBXProject section */

/* Begin PBXResourcesBuildPhase section */
		B93C4FAC1E705DB0005FE565 /* Resources */ = {
			isa = PBXResourcesBuildPhase;
			buildActionMask = 2147483647;
			files = (
				B93C4FC11E705DB0005FE565 /* LaunchScreen.storyboard in Resources */,
				B93C4FBE1E705DB0005FE565 /* Assets.xcassets in Resources */,
				B963E28C1E7071A900B00B5E /* recipe1.jpg in Resources */,
				B93C4FBC1E705DB0005FE565 /* Main.storyboard in Resources */,
				B9F97A9B1E708D7B0020F341 /* recipe2.jpg in Resources */,
				B93C4FCF1E705DDF005FE565 /* HSRecipeList.plist in Resources */,
			);
			runOnlyForDeploymentPostprocessing = 0;
		};
/* End PBXResourcesBuildPhase section */

/* Begin PBXSourcesBuildPhase section */
		B93C4FAA1E705DB0005FE565 /* Sources */ = {
			isa = PBXSourcesBuildPhase;
			buildActionMask = 2147483647;
			files = (
				B93C4FCD1E705DDF005FE565 /* HSRecipe.m in Sources */,
				B9C8C9E61E70918D00DB143D /* RandomViewController.m in Sources */,
				B93C4FB91E705DB0005FE565 /* SuggestViewController.m in Sources */,
				B93C4FB61E705DB0005FE565 /* AppDelegate.m in Sources */,
				B963E28A1E70711000B00B5E /* HSRecipeDataCenter.m in Sources */,
				B93C4FB31E705DB0005FE565 /* main.m in Sources */,
				B909FFA11E73C3DD00F67D5A /* Detail2ViewController.m in Sources */,
				B98486781E70BCF600813154 /* DetailViewController.m in Sources */,
			);
			runOnlyForDeploymentPostprocessing = 0;
		};
/* End PBXSourcesBuildPhase section */

/* Begin PBXVariantGroup section */
		B93C4FBA1E705DB0005FE565 /* Main.storyboard */ = {
			isa = PBXVariantGroup;
			children = (
				B93C4FBB1E705DB0005FE565 /* Base */,
			);
			name = Main.storyboard;
			sourceTree = "<group>";
		};
		B93C4FBF1E705DB0005FE565 /* LaunchScreen.storyboard */ = {
			isa = PBXVariantGroup;
			children = (
				B93C4FC01E705DB0005FE565 /* Base */,
			);
			name = LaunchScreen.storyboard;
			sourceTree = "<group>";
		};
/* End PBXVariantGroup section */

/* Begin XCBuildConfiguration section */
		B93C4FC31E705DB0005FE565 /* Debug */ = {
			isa = XCBuildConfiguration;
			buildSettings = {
				ALWAYS_SEARCH_USER_PATHS = NO;
				CLANG_ANALYZER_NONNULL = YES;
				CLANG_CXX_LANGUAGE_STANDARD = "gnu++0x";
				CLANG_CXX_LIBRARY = "libc++";
				CLANG_ENABLE_MODULES = YES;
				CLANG_ENABLE_OBJC_ARC = YES;
				CLANG_WARN_BOOL_CONVERSION = YES;
				CLANG_WARN_CONSTANT_CONVERSION = YES;
				CLANG_WARN_DIRECT_OBJC_ISA_USAGE = YES_ERROR;
				CLANG_WARN_DOCUMENTATION_COMMENTS = YES;
				CLANG_WARN_EMPTY_BODY = YES;
				CLANG_WARN_ENUM_CONVERSION = YES;
				CLANG_WARN_INFINITE_RECURSION = YES;
				CLANG_WARN_INT_CONVERSION = YES;
				CLANG_WARN_OBJC_ROOT_CLASS = YES_ERROR;
				CLANG_WARN_SUSPICIOUS_MOVE = YES;
				CLANG_WARN_UNREACHABLE_CODE = YES;
				CLANG_WARN__DUPLICATE_METHOD_MATCH = YES;
				"CODE_SIGN_IDENTITY[sdk=iphoneos*]" = "iPhone Developer";
				COPY_PHASE_STRIP = NO;
				DEBUG_INFORMATION_FORMAT = dwarf;
				ENABLE_STRICT_OBJC_MSGSEND = YES;
				ENABLE_TESTABILITY = YES;
				GCC_C_LANGUAGE_STANDARD = gnu99;
				GCC_DYNAMIC_NO_PIC = NO;
				GCC_NO_COMMON_BLOCKS = YES;
				GCC_OPTIMIZATION_LEVEL = 0;
				GCC_PREPROCESSOR_DEFINITIONS = (
					"DEBUG=1",
					"$(inherited)",
				);
				GCC_WARN_64_TO_32_BIT_CONVERSION = YES;
				GCC_WARN_ABOUT_RETURN_TYPE = YES_ERROR;
				GCC_WARN_UNDECLARED_SELECTOR = YES;
				GCC_WARN_UNINITIALIZED_AUTOS = YES_AGGRESSIVE;
				GCC_WARN_UNUSED_FUNCTION = YES;
				GCC_WARN_UNUSED_VARIABLE = YES;
				IPHONEOS_DEPLOYMENT_TARGET = 10.2;
				MTL_ENABLE_DEBUG_INFO = YES;
				ONLY_ACTIVE_ARCH = YES;
				SDKROOT = iphoneos;
			};
			name = Debug;
		};
		B93C4FC41E705DB0005FE565 /* Release */ = {
			isa = XCBuildConfiguration;
			buildSettings = {
				ALWAYS_SEARCH_USER_PATHS = NO;
				CLANG_ANALYZER_NONNULL = YES;
				CLANG_CXX_LANGUAGE_STANDARD = "gnu++0x";
				CLANG_CXX_LIBRARY = "libc++";
				CLANG_ENABLE_MODULES = YES;
				CLANG_ENABLE_OBJC_ARC = YES;
				CLANG_WARN_BOOL_CONVERSION = YES;
				CLANG_WARN_CONSTANT_CONVERSION = YES;
				CLANG_WARN_DIRECT_OBJC_ISA_USAGE = YES_ERROR;
				CLANG_WARN_DOCUMENTATION_COMMENTS = YES;
				CLANG_WARN_EMPTY_BODY = YES;
				CLANG_WARN_ENUM_CONVERSION = YES;
				CLANG_WARN_INFINITE_RECURSION = YES;
				CLANG_WARN_INT_CONVERSION = YES;
				CLANG_WARN_OBJC_ROOT_CLASS = YES_ERROR;
				CLANG_WARN_SUSPICIOUS_MOVE = YES;
				CLANG_WARN_UNREACHABLE_CODE = YES;
				CLANG_WARN__DUPLICATE_METHOD_MATCH = YES;
				"CODE_SIGN_IDENTITY[sdk=iphoneos*]" = "iPhone Developer";
				COPY_PHASE_STRIP = NO;
				DEBUG_INFORMATION_FORMAT = "dwarf-with-dsym";
				ENABLE_NS_ASSERTIONS = NO;
				ENABLE_STRICT_OBJC_MSGSEND = YES;
				GCC_C_LANGUAGE_STANDARD = gnu99;
				GCC_NO_COMMON_BLOCKS = YES;
				GCC_WARN_64_TO_32_BIT_CONVERSION = YES;
				GCC_WARN_ABOUT_RETURN_TYPE = YES_ERROR;
				GCC_WARN_UNDECLARED_SELECTOR = YES;
				GCC_WARN_UNINITIALIZED_AUTOS = YES_AGGRESSIVE;
				GCC_WARN_UNUSED_FUNCTION = YES;
				GCC_WARN_UNUSED_VARIABLE = YES;
				IPHONEOS_DEPLOYMENT_TARGET = 10.2;
				MTL_ENABLE_DEBUG_INFO = NO;
				SDKROOT = iphoneos;
				VALIDATE_PRODUCT = YES;
			};
			name = Release;
		};
		B93C4FC61E705DB0005FE565 /* Debug */ = {
			isa = XCBuildConfiguration;
			buildSettings = {
				ASSETCATALOG_COMPILER_APPICON_NAME = AppIcon;
				DEVELOPMENT_TEAM = 8KDMCH8V2F;
				INFOPLIST_FILE = honsulzip/Info.plist;
				LD_RUNPATH_SEARCH_PATHS = "$(inherited) @executable_path/Frameworks";
				PRODUCT_BUNDLE_IDENTIFIER = "ioshack-1team.developed.honsulzip";
				PRODUCT_NAME = "$(TARGET_NAME)";
			};
			name = Debug;
		};
		B93C4FC71E705DB0005FE565 /* Release */ = {
			isa = XCBuildConfiguration;
			buildSettings = {
				ASSETCATALOG_COMPILER_APPICON_NAME = AppIcon;
				DEVELOPMENT_TEAM = 8KDMCH8V2F;
				INFOPLIST_FILE = honsulzip/Info.plist;
				LD_RUNPATH_SEARCH_PATHS = "$(inherited) @executable_path/Frameworks";
				PRODUCT_BUNDLE_IDENTIFIER = "ioshack-1team.developed.honsulzip";
				PRODUCT_NAME = "$(TARGET_NAME)";
			};
			name = Release;
		};
/* End XCBuildConfiguration section */

/* Begin XCConfigurationList section */
		B93C4FA91E705DB0005FE565 /* Build configuration list for PBXProject "honsulzip" */ = {
			isa = XCConfigurationList;
			buildConfigurations = (
				B93C4FC31E705DB0005FE565 /* Debug */,
				B93C4FC41E705DB0005FE565 /* Release */,
			);
			defaultConfigurationIsVisible = 0;
			defaultConfigurationName = Release;
		};
		B93C4FC51E705DB0005FE565 /* Build configuration list for PBXNativeTarget "honsulzip" */ = {
			isa = XCConfigurationList;
			buildConfigurations = (
				B93C4FC61E705DB0005FE565 /* Debug */,
				B93C4FC71E705DB0005FE565 /* Release */,
			);
			defaultConfigurationIsVisible = 0;
			defaultConfigurationName = Release;
		};
/* End XCConfigurationList section */
	};
	rootObject = B93C4FA61E705DB0005FE565 /* Project object */;
}
